PODS:
  - LIFXClient (0.1.0):
    - PromiseKit (~> 6.8.3)
  - PromiseKit (6.8.3):
    - PromiseKit/CorePromise (= 6.8.3)
    - PromiseKit/Foundation (= 6.8.3)
    - PromiseKit/UIKit (= 6.8.3)
  - PromiseKit/CorePromise (6.8.3)
  - PromiseKit/Foundation (6.8.3):
    - PromiseKit/CorePromise
  - PromiseKit/UIKit (6.8.3):
    - PromiseKit/CorePromise

DEPENDENCIES:
  - LIFXClient (from `../LIFXClient`)

SPEC REPOS:
  https://github.com/cocoapods/specs.git:
    - PromiseKit

EXTERNAL SOURCES:
  LIFXClient:
    :path: "../LIFXClient"

SPEC CHECKSUMS:
  LIFXClient: db8f590e40933adbe19faede0cdef72af94470a6
  PromiseKit: 94c6e781838c5bf4717677d0d882b0e7250c80fc

PODFILE CHECKSUM: 1f4ca591da41331e4a3c7e8d98e24e7256075165

COCOAPODS: 1.6.0
