// !$*UTF8*$!
{
	archiveVersion = 1;
	classes = {
	};
	objectVersion = 51;
	objects = {

/* Begin PBXBuildFile section */
		654177BD22668DCD00B5FEEA /* AppDelegate.swift in Sources */ = {isa = PBXBuildFile; fileRef = 654177BC22668DCD00B5FEEA /* AppDelegate.swift */; };
		654177C122668DD000B5FEEA /* Assets.xcassets in Resources */ = {isa = PBXBuildFile; fileRef = 654177C022668DD000B5FEEA /* Assets.xcassets */; };
		654177C422668DD000B5FEEA /* App.storyboard in Resources */ = {isa = PBXBuildFile; fileRef = 654177C222668DD000B5FEEA /* App.storyboard */; };
		E152A6844104B4F2E91C1C88 /* Pods_3LED.framework in Frameworks */ = {isa = PBXBuildFile; fileRef = 3678F1729C36550414340834 /* Pods_3LED.framework */; };
/* End PBXBuildFile section */

/* Begin PBXFileReference section */
		3678F1729C36550414340834 /* Pods_3LED.framework */ = {isa = PBXFileReference; explicitFileType = wrapper.framework; includeInIndex = 0; path = Pods_3LED.framework; sourceTree = BUILT_PRODUCTS_DIR; };
		654177B922668DCD00B5FEEA /* 3LED.app */ = {isa = PBXFileReference; explicitFileType = wrapper.application; includeInIndex = 0; path = 3LED.app; sourceTree = BUILT_PRODUCTS_DIR; };
		654177BC22668DCD00B5FEEA /* AppDelegate.swift */ = {isa = PBXFileReference; lastKnownFileType = sourcecode.swift; path = AppDelegate.swift; sourceTree = "<group>"; };
		654177C022668DD000B5FEEA /* Assets.xcassets */ = {isa = PBXFileReference; lastKnownFileType = folder.assetcatalog; path = Assets.xcassets; sourceTree = "<group>"; };
		654177C322668DD000B5FEEA /* Base */ = {isa = PBXFileReference; lastKnownFileType = file.storyboard; name = Base; path = Base.lproj/App.storyboard; sourceTree = "<group>"; };
		654177C522668DD000B5FEEA /* Info.plist */ = {isa = PBXFileReference; lastKnownFileType = text.plist.xml; path = Info.plist; sourceTree = "<group>"; };
		654177C622668DD000B5FEEA /* _LED.entitlements */ = {isa = PBXFileReference; lastKnownFileType = text.plist.entitlements; path = _LED.entitlements; sourceTree = "<group>"; };
		BDF09C1CD68917939ABE7557 /* Pods-3LED.debug.xcconfig */ = {isa = PBXFileReference; includeInIndex = 1; lastKnownFileType = text.xcconfig; name = "Pods-3LED.debug.xcconfig"; path = "Target Support Files/Pods-3LED/Pods-3LED.debug.xcconfig"; sourceTree = "<group>"; };
		D94F92E442930C2EE9B83D79 /* Pods-3LED.release.xcconfig */ = {isa = PBXFileReference; includeInIndex = 1; lastKnownFileType = text.xcconfig; name = "Pods-3LED.release.xcconfig"; path = "Target Support Files/Pods-3LED/Pods-3LED.release.xcconfig"; sourceTree = "<group>"; };
/* End PBXFileReference section */

/* Begin PBXFrameworksBuildPhase section */
		654177B622668DCD00B5FEEA /* Frameworks */ = {
			isa = PBXFrameworksBuildPhase;
			buildActionMask = 2147483647;
			files = (
				E152A6844104B4F2E91C1C88 /* Pods_3LED.framework in Frameworks */,
			);
			runOnlyForDeploymentPostprocessing = 0;
		};
/* End PBXFrameworksBuildPhase section */

/* Begin PBXGroup section */
		654177B022668DCD00B5FEEA = {
			isa = PBXGroup;
			children = (
				654177BB22668DCD00B5FEEA /* 3LED */,
				654177BA22668DCD00B5FEEA /* Products */,
				95463196D4F57B771E68FD1F /* Pods */,
				BB05131973B4689A98109CDE /* Frameworks */,
			);
			sourceTree = "<group>";
		};
		654177BA22668DCD00B5FEEA /* Products */ = {
			isa = PBXGroup;
			children = (
				654177B922668DCD00B5FEEA /* 3LED.app */,
			);
			name = Products;
			sourceTree = "<group>";
		};
		654177BB22668DCD00B5FEEA /* 3LED */ = {
			isa = PBXGroup;
			children = (
				654177C222668DD000B5FEEA /* App.storyboard */,
				654177BC22668DCD00B5FEEA /* AppDelegate.swift */,
				654177CD2266A2F100B5FEEA /* Coordinators */,
				654177CE2266A30000B5FEEA /* Controllers */,
				654177CF2266A31000B5FEEA /* Models */,
				654177D02266A33E00B5FEEA /* Resources */,
				654177D12266A34E00B5FEEA /* Supporting Files */,
			);
			path = 3LED;
			sourceTree = "<group>";
		};
		654177CD2266A2F100B5FEEA /* Coordinators */ = {
			isa = PBXGroup;
			children = (
			);
			path = Coordinators;
			sourceTree = "<group>";
		};
		654177CE2266A30000B5FEEA /* Controllers */ = {
			isa = PBXGroup;
			children = (
			);
			path = Controllers;
			sourceTree = "<group>";
		};
		654177CF2266A31000B5FEEA /* Models */ = {
			isa = PBXGroup;
			children = (
			);
			path = Models;
			sourceTree = "<group>";
		};
		654177D02266A33E00B5FEEA /* Resources */ = {
			isa = PBXGroup;
			children = (
				654177C022668DD000B5FEEA /* Assets.xcassets */,
			);
			path = Resources;
			sourceTree = "<group>";
		};
		654177D12266A34E00B5FEEA /* Supporting Files */ = {
			isa = PBXGroup;
			children = (
				654177C522668DD000B5FEEA /* Info.plist */,
				654177C622668DD000B5FEEA /* _LED.entitlements */,
			);
			path = "Supporting Files";
			sourceTree = "<group>";
		};
		95463196D4F57B771E68FD1F /* Pods */ = {
			isa = PBXGroup;
			children = (
				BDF09C1CD68917939ABE7557 /* Pods-3LED.debug.xcconfig */,
				D94F92E442930C2EE9B83D79 /* Pods-3LED.release.xcconfig */,
			);
			path = Pods;
			sourceTree = "<group>";
		};
		BB05131973B4689A98109CDE /* Frameworks */ = {
			isa = PBXGroup;
			children = (
				3678F1729C36550414340834 /* Pods_3LED.framework */,
			);
			name = Frameworks;
			sourceTree = "<group>";
		};
/* End PBXGroup section */

/* Begin PBXNativeTarget section */
		654177B822668DCD00B5FEEA /* 3LED */ = {
			isa = PBXNativeTarget;
			buildConfigurationList = 654177C922668DD000B5FEEA /* Build configuration list for PBXNativeTarget "3LED" */;
			buildPhases = (
				0BD18397E6D5229F72890082 /* [CP] Check Pods Manifest.lock */,
				654177B522668DCD00B5FEEA /* Sources */,
				654177B622668DCD00B5FEEA /* Frameworks */,
				654177B722668DCD00B5FEEA /* Resources */,
				67E2A5A5095EE22937481F93 /* [CP] Embed Pods Frameworks */,
			);
			buildRules = (
			);
			dependencies = (
			);
			name = 3LED;
			productName = 3LED;
			productReference = 654177B922668DCD00B5FEEA /* 3LED.app */;
			productType = "com.apple.product-type.application";
		};
/* End PBXNativeTarget section */

/* Begin PBXProject section */
		654177B122668DCD00B5FEEA /* Project object */ = {
			isa = PBXProject;
			attributes = {
				LastSwiftUpdateCheck = 1020;
				LastUpgradeCheck = 1020;
				ORGANIZATIONNAME = Protonome;
				TargetAttributes = {
					654177B822668DCD00B5FEEA = {
						CreatedOnToolsVersion = 10.2;
					};
				};
			};
			buildConfigurationList = 654177B422668DCD00B5FEEA /* Build configuration list for PBXProject "3LED" */;
			compatibilityVersion = "Xcode 9.3";
			developmentRegion = en;
			hasScannedForEncodings = 0;
			knownRegions = (
				en,
				Base,
			);
			mainGroup = 654177B022668DCD00B5FEEA;
			productRefGroup = 654177BA22668DCD00B5FEEA /* Products */;
			projectDirPath = "";
			projectRoot = "";
			targets = (
				654177B822668DCD00B5FEEA /* 3LED */,
			);
		};
/* End PBXProject section */

/* Begin PBXResourcesBuildPhase section */
		654177B722668DCD00B5FEEA /* Resources */ = {
			isa = PBXResourcesBuildPhase;
			buildActionMask = 2147483647;
			files = (
				654177C122668DD000B5FEEA /* Assets.xcassets in Resources */,
				654177C422668DD000B5FEEA /* App.storyboard in Resources */,
			);
			runOnlyForDeploymentPostprocessing = 0;
		};
/* End PBXResourcesBuildPhase section */

/* Begin PBXShellScriptBuildPhase section */
		0BD18397E6D5229F72890082 /* [CP] Check Pods Manifest.lock */ = {
			isa = PBXShellScriptBuildPhase;
			buildActionMask = 2147483647;
			files = (
			);
			inputFileListPaths = (
			);
			inputPaths = (
				"${PODS_PODFILE_DIR_PATH}/Podfile.lock",
				"${PODS_ROOT}/Manifest.lock",
			);
			name = "[CP] Check Pods Manifest.lock";
			outputFileListPaths = (
			);
			outputPaths = (
				"$(DERIVED_FILE_DIR)/Pods-3LED-checkManifestLockResult.txt",
			);
			runOnlyForDeploymentPostprocessing = 0;
			shellPath = /bin/sh;
			shellScript = "diff \"${PODS_PODFILE_DIR_PATH}/Podfile.lock\" \"${PODS_ROOT}/Manifest.lock\" > /dev/null\nif [ $? != 0 ] ; then\n    # print error to STDERR\n    echo \"error: The sandbox is not in sync with the Podfile.lock. Run 'pod install' or update your CocoaPods installation.\" >&2\n    exit 1\nfi\n# This output is used by Xcode 'outputs' to avoid re-running this script phase.\necho \"SUCCESS\" > \"${SCRIPT_OUTPUT_FILE_0}\"\n";
			showEnvVarsInLog = 0;
		};
		67E2A5A5095EE22937481F93 /* [CP] Embed Pods Frameworks */ = {
			isa = PBXShellScriptBuildPhase;
			buildActionMask = 2147483647;
			files = (
			);
			inputFileListPaths = (
				"${PODS_ROOT}/Target Support Files/Pods-3LED/Pods-3LED-frameworks-${CONFIGURATION}-input-files.xcfilelist",
			);
			name = "[CP] Embed Pods Frameworks";
			outputFileListPaths = (
				"${PODS_ROOT}/Target Support Files/Pods-3LED/Pods-3LED-frameworks-${CONFIGURATION}-output-files.xcfilelist",
			);
			runOnlyForDeploymentPostprocessing = 0;
			shellPath = /bin/sh;
			shellScript = "\"${PODS_ROOT}/Target Support Files/Pods-3LED/Pods-3LED-frameworks.sh\"\n";
			showEnvVarsInLog = 0;
		};
/* End PBXShellScriptBuildPhase section */

/* Begin PBXSourcesBuildPhase section */
		654177B522668DCD00B5FEEA /* Sources */ = {
			isa = PBXSourcesBuildPhase;
			buildActionMask = 2147483647;
			files = (
				654177BD22668DCD00B5FEEA /* AppDelegate.swift in Sources */,
			);
			runOnlyForDeploymentPostprocessing = 0;
		};
/* End PBXSourcesBuildPhase section */

/* Begin PBXVariantGroup section */
		654177C222668DD000B5FEEA /* App.storyboard */ = {
			isa = PBXVariantGroup;
			children = (
				654177C322668DD000B5FEEA /* Base */,
			);
			name = App.storyboard;
			sourceTree = "<group>";
		};
/* End PBXVariantGroup section */

/* Begin XCBuildConfiguration section */
		654177C722668DD000B5FEEA /* Debug */ = {
			isa = XCBuildConfiguration;
			buildSettings = {
				ALWAYS_SEARCH_USER_PATHS = NO;
				CLANG_ANALYZER_NONNULL = YES;
				CLANG_ANALYZER_NUMBER_OBJECT_CONVERSION = YES_AGGRESSIVE;
				CLANG_CXX_LANGUAGE_STANDARD = "gnu++14";
				CLANG_CXX_LIBRARY = "libc++";
				CLANG_ENABLE_MODULES = YES;
				CLANG_ENABLE_OBJC_ARC = YES;
				CLANG_ENABLE_OBJC_WEAK = YES;
				CLANG_WARN_BLOCK_CAPTURE_AUTORELEASING = YES;
				CLANG_WARN_BOOL_CONVERSION = YES;
				CLANG_WARN_COMMA = YES;
				CLANG_WARN_CONSTANT_CONVERSION = YES;
				CLANG_WARN_DEPRECATED_OBJC_IMPLEMENTATIONS = YES;
				CLANG_WARN_DIRECT_OBJC_ISA_USAGE = YES_ERROR;
				CLANG_WARN_DOCUMENTATION_COMMENTS = YES;
				CLANG_WARN_EMPTY_BODY = YES;
				CLANG_WARN_ENUM_CONVERSION = YES;
				CLANG_WARN_INFINITE_RECURSION = YES;
				CLANG_WARN_INT_CONVERSION = YES;
				CLANG_WARN_NON_LITERAL_NULL_CONVERSION = YES;
				CLANG_WARN_OBJC_IMPLICIT_RETAIN_SELF = YES;
				CLANG_WARN_OBJC_LITERAL_CONVERSION = YES;
				CLANG_WARN_OBJC_ROOT_CLASS = YES_ERROR;
				CLANG_WARN_RANGE_LOOP_ANALYSIS = YES;
				CLANG_WARN_STRICT_PROTOTYPES = YES;
				CLANG_WARN_SUSPICIOUS_MOVE = YES;
				CLANG_WARN_UNGUARDED_AVAILABILITY = YES_AGGRESSIVE;
				CLANG_WARN_UNREACHABLE_CODE = YES;
				CLANG_WARN__DUPLICATE_METHOD_MATCH = YES;
				CODE_SIGN_IDENTITY = "Mac Developer";
				COPY_PHASE_STRIP = NO;
				DEBUG_INFORMATION_FORMAT = dwarf;
				ENABLE_STRICT_OBJC_MSGSEND = YES;
				ENABLE_TESTABILITY = YES;
				GCC_C_LANGUAGE_STANDARD = gnu11;
				GCC_DYNAMIC_NO_PIC = NO;
				GCC_NO_COMMON_BLOCKS = YES;
				GCC_OPTIMIZATION_LEVEL = 0;
				GCC_PREPROCESSOR_DEFINITIONS = (
					"DEBUG=1",
					"$(inherited)",
				);
				GCC_WARN_64_TO_32_BIT_CONVERSION = YES;
				GCC_WARN_ABOUT_RETURN_TYPE = YES_ERROR;
				GCC_WARN_UNDECLARED_SELECTOR = YES;
				GCC_WARN_UNINITIALIZED_AUTOS = YES_AGGRESSIVE;
				GCC_WARN_UNUSED_FUNCTION = YES;
				GCC_WARN_UNUSED_VARIABLE = YES;
				MACOSX_DEPLOYMENT_TARGET = 10.14;
				MTL_ENABLE_DEBUG_INFO = INCLUDE_SOURCE;
				MTL_FAST_MATH = YES;
				ONLY_ACTIVE_ARCH = YES;
				SDKROOT = macosx;
				SWIFT_ACTIVE_COMPILATION_CONDITIONS = DEBUG;
				SWIFT_OPTIMIZATION_LEVEL = "-Onone";
			};
			name = Debug;
		};
		654177C822668DD000B5FEEA /* Release */ = {
			isa = XCBuildConfiguration;
			buildSettings = {
				ALWAYS_SEARCH_USER_PATHS = NO;
				CLANG_ANALYZER_NONNULL = YES;
				CLANG_ANALYZER_NUMBER_OBJECT_CONVERSION = YES_AGGRESSIVE;
				CLANG_CXX_LANGUAGE_STANDARD = "gnu++14";
				CLANG_CXX_LIBRARY = "libc++";
				CLANG_ENABLE_MODULES = YES;
				CLANG_ENABLE_OBJC_ARC = YES;
				CLANG_ENABLE_OBJC_WEAK = YES;
				CLANG_WARN_BLOCK_CAPTURE_AUTORELEASING = YES;
				CLANG_WARN_BOOL_CONVERSION = YES;
				CLANG_WARN_COMMA = YES;
				CLANG_WARN_CONSTANT_CONVERSION = YES;
				CLANG_WARN_DEPRECATED_OBJC_IMPLEMENTATIONS = YES;
				CLANG_WARN_DIRECT_OBJC_ISA_USAGE = YES_ERROR;
				CLANG_WARN_DOCUMENTATION_COMMENTS = YES;
				CLANG_WARN_EMPTY_BODY = YES;
				CLANG_WARN_ENUM_CONVERSION = YES;
				CLANG_WARN_INFINITE_RECURSION = YES;
				CLANG_WARN_INT_CONVERSION = YES;
				CLANG_WARN_NON_LITERAL_NULL_CONVERSION = YES;
				CLANG_WARN_OBJC_IMPLICIT_RETAIN_SELF = YES;
				CLANG_WARN_OBJC_LITERAL_CONVERSION = YES;
				CLANG_WARN_OBJC_ROOT_CLASS = YES_ERROR;
				CLANG_WARN_RANGE_LOOP_ANALYSIS = YES;
				CLANG_WARN_STRICT_PROTOTYPES = YES;
				CLANG_WARN_SUSPICIOUS_MOVE = YES;
				CLANG_WARN_UNGUARDED_AVAILABILITY = YES_AGGRESSIVE;
				CLANG_WARN_UNREACHABLE_CODE = YES;
				CLANG_WARN__DUPLICATE_METHOD_MATCH = YES;
				CODE_SIGN_IDENTITY = "Mac Developer";
				COPY_PHASE_STRIP = NO;
				DEBUG_INFORMATION_FORMAT = "dwarf-with-dsym";
				ENABLE_NS_ASSERTIONS = NO;
				ENABLE_STRICT_OBJC_MSGSEND = YES;
				GCC_C_LANGUAGE_STANDARD = gnu11;
				GCC_NO_COMMON_BLOCKS = YES;
				GCC_WARN_64_TO_32_BIT_CONVERSION = YES;
				GCC_WARN_ABOUT_RETURN_TYPE = YES_ERROR;
				GCC_WARN_UNDECLARED_SELECTOR = YES;
				GCC_WARN_UNINITIALIZED_AUTOS = YES_AGGRESSIVE;
				GCC_WARN_UNUSED_FUNCTION = YES;
				GCC_WARN_UNUSED_VARIABLE = YES;
				MACOSX_DEPLOYMENT_TARGET = 10.14;
				MTL_ENABLE_DEBUG_INFO = NO;
				MTL_FAST_MATH = YES;
				SDKROOT = macosx;
				SWIFT_COMPILATION_MODE = wholemodule;
				SWIFT_OPTIMIZATION_LEVEL = "-O";
			};
			name = Release;
		};
		654177CA22668DD000B5FEEA /* Debug */ = {
			isa = XCBuildConfiguration;
			baseConfigurationReference = BDF09C1CD68917939ABE7557 /* Pods-3LED.debug.xcconfig */;
			buildSettings = {
				ASSETCATALOG_COMPILER_APPICON_NAME = AppIcon;
				CODE_SIGN_ENTITLEMENTS = "3LED/Supporting Files/_LED.entitlements";
				CODE_SIGN_STYLE = Automatic;
				COMBINE_HIDPI_IMAGES = YES;
				DEVELOPMENT_TEAM = SP382Y6YUY;
				INFOPLIST_FILE = "$(SRCROOT)/3LED/Supporting Files/Info.plist";
				LD_RUNPATH_SEARCH_PATHS = (
					"$(inherited)",
					"@executable_path/../Frameworks",
				);
				PRODUCT_BUNDLE_IDENTIFIER = "com.protonome.-LED";
				PRODUCT_NAME = "$(TARGET_NAME)";
				SWIFT_VERSION = 5.0;
			};
			name = Debug;
		};
		654177CB22668DD000B5FEEA /* Release */ = {
			isa = XCBuildConfiguration;
			baseConfigurationReference = D94F92E442930C2EE9B83D79 /* Pods-3LED.release.xcconfig */;
			buildSettings = {
				ASSETCATALOG_COMPILER_APPICON_NAME = AppIcon;
				CODE_SIGN_ENTITLEMENTS = "3LED/Supporting Files/_LED.entitlements";
				CODE_SIGN_STYLE = Automatic;
				COMBINE_HIDPI_IMAGES = YES;
				DEVELOPMENT_TEAM = SP382Y6YUY;
				INFOPLIST_FILE = "$(SRCROOT)/3LED/Supporting Files/Info.plist";
				LD_RUNPATH_SEARCH_PATHS = (
					"$(inherited)",
					"@executable_path/../Frameworks",
				);
				PRODUCT_BUNDLE_IDENTIFIER = "com.protonome.-LED";
				PRODUCT_NAME = "$(TARGET_NAME)";
				SWIFT_VERSION = 5.0;
			};
			name = Release;
		};
/* End XCBuildConfiguration section */

/* Begin XCConfigurationList section */
		654177B422668DCD00B5FEEA /* Build configuration list for PBXProject "3LED" */ = {
			isa = XCConfigurationList;
			buildConfigurations = (
				654177C722668DD000B5FEEA /* Debug */,
				654177C822668DD000B5FEEA /* Release */,
			);
			defaultConfigurationIsVisible = 0;
			defaultConfigurationName = Release;
		};
		654177C922668DD000B5FEEA /* Build configuration list for PBXNativeTarget "3LED" */ = {
			isa = XCConfigurationList;
			buildConfigurations = (
				654177CA22668DD000B5FEEA /* Debug */,
				654177CB22668DD000B5FEEA /* Release */,
			);
			defaultConfigurationIsVisible = 0;
			defaultConfigurationName = Release;
		};
/* End XCConfigurationList section */
	};
	rootObject = 654177B122668DCD00B5FEEA /* Project object */;
}
