// !$*UTF8*$!
{
	archiveVersion = 1;
	classes = {
	};
	objectVersion = 50;
	objects = {

/* Begin PBXBuildFile section */
		658A6818221A9C3F008BD6A3 /* AppDelegate.swift in Sources */ = {isa = PBXBuildFile; fileRef = 658A6817221A9C3F008BD6A3 /* AppDelegate.swift */; };
		658A681A221A9C3F008BD6A3 /* ViewController.swift in Sources */ = {isa = PBXBuildFile; fileRef = 658A6819221A9C3F008BD6A3 /* ViewController.swift */; };
		658A681D221A9C3F008BD6A3 /* App.storyboard in Resources */ = {isa = PBXBuildFile; fileRef = 658A681B221A9C3F008BD6A3 /* App.storyboard */; };
		658A681F221A9C44008BD6A3 /* Assets.xcassets in Resources */ = {isa = PBXBuildFile; fileRef = 658A681E221A9C44008BD6A3 /* Assets.xcassets */; };
		658A6822221A9C44008BD6A3 /* LaunchScreen.storyboard in Resources */ = {isa = PBXBuildFile; fileRef = 658A6820221A9C44008BD6A3 /* LaunchScreen.storyboard */; };
		658A682E221AA025008BD6A3 /* Settings.bundle in Resources */ = {isa = PBXBuildFile; fileRef = 658A682D221AA025008BD6A3 /* Settings.bundle */; };
		D3055FB1EB034EAA6A941D35 /* Pods_3LED.framework in Frameworks */ = {isa = PBXBuildFile; fileRef = 90767A9993EF4AD7812D3797 /* Pods_3LED.framework */; };
/* End PBXBuildFile section */

/* Begin PBXFileReference section */
		51E874FBA815BBB45A98DABC /* Pods-3LED.debug.xcconfig */ = {isa = PBXFileReference; includeInIndex = 1; lastKnownFileType = text.xcconfig; name = "Pods-3LED.debug.xcconfig"; path = "Target Support Files/Pods-3LED/Pods-3LED.debug.xcconfig"; sourceTree = "<group>"; };
		658A6814221A9C3F008BD6A3 /* 3LED.app */ = {isa = PBXFileReference; explicitFileType = wrapper.application; includeInIndex = 0; path = 3LED.app; sourceTree = BUILT_PRODUCTS_DIR; };
		658A6817221A9C3F008BD6A3 /* AppDelegate.swift */ = {isa = PBXFileReference; lastKnownFileType = sourcecode.swift; path = AppDelegate.swift; sourceTree = "<group>"; };
		658A6819221A9C3F008BD6A3 /* ViewController.swift */ = {isa = PBXFileReference; lastKnownFileType = sourcecode.swift; path = ViewController.swift; sourceTree = "<group>"; };
		658A681C221A9C3F008BD6A3 /* Base */ = {isa = PBXFileReference; lastKnownFileType = file.storyboard; name = Base; path = Base.lproj/App.storyboard; sourceTree = "<group>"; };
		658A681E221A9C44008BD6A3 /* Assets.xcassets */ = {isa = PBXFileReference; lastKnownFileType = folder.assetcatalog; path = Assets.xcassets; sourceTree = "<group>"; };
		658A6821221A9C44008BD6A3 /* Base */ = {isa = PBXFileReference; lastKnownFileType = file.storyboard; name = Base; path = Base.lproj/LaunchScreen.storyboard; sourceTree = "<group>"; };
		658A6823221A9C44008BD6A3 /* Info.plist */ = {isa = PBXFileReference; lastKnownFileType = text.plist.xml; path = Info.plist; sourceTree = "<group>"; };
		658A6829221A9D4F008BD6A3 /* README.md */ = {isa = PBXFileReference; lastKnownFileType = net.daringfireball.markdown; path = README.md; sourceTree = "<group>"; };
		658A682D221AA025008BD6A3 /* Settings.bundle */ = {isa = PBXFileReference; lastKnownFileType = "wrapper.plug-in"; path = Settings.bundle; sourceTree = "<group>"; };
		90767A9993EF4AD7812D3797 /* Pods_3LED.framework */ = {isa = PBXFileReference; explicitFileType = wrapper.framework; includeInIndex = 0; path = Pods_3LED.framework; sourceTree = BUILT_PRODUCTS_DIR; };
		CDD051955235B94248B5E18D /* Pods-3LED.release.xcconfig */ = {isa = PBXFileReference; includeInIndex = 1; lastKnownFileType = text.xcconfig; name = "Pods-3LED.release.xcconfig"; path = "Target Support Files/Pods-3LED/Pods-3LED.release.xcconfig"; sourceTree = "<group>"; };
/* End PBXFileReference section */

/* Begin PBXFrameworksBuildPhase section */
		658A6811221A9C3F008BD6A3 /* Frameworks */ = {
			isa = PBXFrameworksBuildPhase;
			buildActionMask = 2147483647;
			files = (
				D3055FB1EB034EAA6A941D35 /* Pods_3LED.framework in Frameworks */,
			);
			runOnlyForDeploymentPostprocessing = 0;
		};
/* End PBXFrameworksBuildPhase section */

/* Begin PBXGroup section */
		5C09C1563B735E9826D3F4CF /* Frameworks */ = {
			isa = PBXGroup;
			children = (
				90767A9993EF4AD7812D3797 /* Pods_3LED.framework */,
			);
			name = Frameworks;
			sourceTree = "<group>";
		};
		658A680B221A9C3F008BD6A3 = {
			isa = PBXGroup;
			children = (
				658A6829221A9D4F008BD6A3 /* README.md */,
				658A6816221A9C3F008BD6A3 /* 3LED */,
				658A6815221A9C3F008BD6A3 /* Products */,
				71EDEE701F9C7301E5D10FD5 /* Pods */,
				5C09C1563B735E9826D3F4CF /* Frameworks */,
			);
			sourceTree = "<group>";
		};
		658A6815221A9C3F008BD6A3 /* Products */ = {
			isa = PBXGroup;
			children = (
				658A6814221A9C3F008BD6A3 /* 3LED.app */,
			);
			name = Products;
			sourceTree = "<group>";
		};
		658A6816221A9C3F008BD6A3 /* 3LED */ = {
			isa = PBXGroup;
			children = (
				658A681B221A9C3F008BD6A3 /* App.storyboard */,
				658A6817221A9C3F008BD6A3 /* AppDelegate.swift */,
				658A682A221A9D54008BD6A3 /* Controllers */,
				658A682B221A9D6C008BD6A3 /* Resources */,
				658A682C221A9D77008BD6A3 /* Supporting Files */,
			);
			path = 3LED;
			sourceTree = "<group>";
		};
		658A682A221A9D54008BD6A3 /* Controllers */ = {
			isa = PBXGroup;
			children = (
				658A6819221A9C3F008BD6A3 /* ViewController.swift */,
			);
			path = Controllers;
			sourceTree = "<group>";
		};
		658A682B221A9D6C008BD6A3 /* Resources */ = {
			isa = PBXGroup;
			children = (
				658A681E221A9C44008BD6A3 /* Assets.xcassets */,
				658A6820221A9C44008BD6A3 /* LaunchScreen.storyboard */,
				658A682D221AA025008BD6A3 /* Settings.bundle */,
			);
			path = Resources;
			sourceTree = "<group>";
		};
		658A682C221A9D77008BD6A3 /* Supporting Files */ = {
			isa = PBXGroup;
			children = (
				658A6823221A9C44008BD6A3 /* Info.plist */,
			);
			path = "Supporting Files";
			sourceTree = "<group>";
		};
		71EDEE701F9C7301E5D10FD5 /* Pods */ = {
			isa = PBXGroup;
			children = (
				51E874FBA815BBB45A98DABC /* Pods-3LED.debug.xcconfig */,
				CDD051955235B94248B5E18D /* Pods-3LED.release.xcconfig */,
			);
			path = Pods;
			sourceTree = "<group>";
		};
/* End PBXGroup section */

/* Begin PBXNativeTarget section */
		658A6813221A9C3F008BD6A3 /* 3LED */ = {
			isa = PBXNativeTarget;
			buildConfigurationList = 658A6826221A9C44008BD6A3 /* Build configuration list for PBXNativeTarget "3LED" */;
			buildPhases = (
				CB494967FA72F522B1B7DF26 /* [CP] Check Pods Manifest.lock */,
				658A6810221A9C3F008BD6A3 /* Sources */,
				658A6811221A9C3F008BD6A3 /* Frameworks */,
				658A6812221A9C3F008BD6A3 /* Resources */,
			);
			buildRules = (
			);
			dependencies = (
			);
			name = 3LED;
			productName = 3LED;
			productReference = 658A6814221A9C3F008BD6A3 /* 3LED.app */;
			productType = "com.apple.product-type.application";
		};
/* End PBXNativeTarget section */

/* Begin PBXProject section */
		658A680C221A9C3F008BD6A3 /* Project object */ = {
			isa = PBXProject;
			attributes = {
				LastSwiftUpdateCheck = 1010;
				LastUpgradeCheck = 1010;
				ORGANIZATIONNAME = Protonome;
				TargetAttributes = {
					658A6813221A9C3F008BD6A3 = {
						CreatedOnToolsVersion = 10.1;
					};
				};
			};
			buildConfigurationList = 658A680F221A9C3F008BD6A3 /* Build configuration list for PBXProject "3LED" */;
			compatibilityVersion = "Xcode 9.3";
			developmentRegion = en;
			hasScannedForEncodings = 0;
			knownRegions = (
				en,
				Base,
			);
			mainGroup = 658A680B221A9C3F008BD6A3;
			productRefGroup = 658A6815221A9C3F008BD6A3 /* Products */;
			projectDirPath = "";
			projectRoot = "";
			targets = (
				658A6813221A9C3F008BD6A3 /* 3LED */,
			);
		};
/* End PBXProject section */

/* Begin PBXResourcesBuildPhase section */
		658A6812221A9C3F008BD6A3 /* Resources */ = {
			isa = PBXResourcesBuildPhase;
			buildActionMask = 2147483647;
			files = (
				658A682E221AA025008BD6A3 /* Settings.bundle in Resources */,
				658A6822221A9C44008BD6A3 /* LaunchScreen.storyboard in Resources */,
				658A681F221A9C44008BD6A3 /* Assets.xcassets in Resources */,
				658A681D221A9C3F008BD6A3 /* App.storyboard in Resources */,
			);
			runOnlyForDeploymentPostprocessing = 0;
		};
/* End PBXResourcesBuildPhase section */

/* Begin PBXShellScriptBuildPhase section */
		CB494967FA72F522B1B7DF26 /* [CP] Check Pods Manifest.lock */ = {
			isa = PBXShellScriptBuildPhase;
			buildActionMask = 2147483647;
			files = (
			);
			inputFileListPaths = (
			);
			inputPaths = (
				"${PODS_PODFILE_DIR_PATH}/Podfile.lock",
				"${PODS_ROOT}/Manifest.lock",
			);
			name = "[CP] Check Pods Manifest.lock";
			outputFileListPaths = (
			);
			outputPaths = (
				"$(DERIVED_FILE_DIR)/Pods-3LED-checkManifestLockResult.txt",
			);
			runOnlyForDeploymentPostprocessing = 0;
			shellPath = /bin/sh;
			shellScript = "diff \"${PODS_PODFILE_DIR_PATH}/Podfile.lock\" \"${PODS_ROOT}/Manifest.lock\" > /dev/null\nif [ $? != 0 ] ; then\n    # print error to STDERR\n    echo \"error: The sandbox is not in sync with the Podfile.lock. Run 'pod install' or update your CocoaPods installation.\" >&2\n    exit 1\nfi\n# This output is used by Xcode 'outputs' to avoid re-running this script phase.\necho \"SUCCESS\" > \"${SCRIPT_OUTPUT_FILE_0}\"\n";
			showEnvVarsInLog = 0;
		};
/* End PBXShellScriptBuildPhase section */

/* Begin PBXSourcesBuildPhase section */
		658A6810221A9C3F008BD6A3 /* Sources */ = {
			isa = PBXSourcesBuildPhase;
			buildActionMask = 2147483647;
			files = (
				658A681A221A9C3F008BD6A3 /* ViewController.swift in Sources */,
				658A6818221A9C3F008BD6A3 /* AppDelegate.swift in Sources */,
			);
			runOnlyForDeploymentPostprocessing = 0;
		};
/* End PBXSourcesBuildPhase section */

/* Begin PBXVariantGroup section */
		658A681B221A9C3F008BD6A3 /* App.storyboard */ = {
			isa = PBXVariantGroup;
			children = (
				658A681C221A9C3F008BD6A3 /* Base */,
			);
			name = App.storyboard;
			sourceTree = "<group>";
		};
		658A6820221A9C44008BD6A3 /* LaunchScreen.storyboard */ = {
			isa = PBXVariantGroup;
			children = (
				658A6821221A9C44008BD6A3 /* Base */,
			);
			name = LaunchScreen.storyboard;
			sourceTree = "<group>";
		};
/* End PBXVariantGroup section */

/* Begin XCBuildConfiguration section */
		658A6824221A9C44008BD6A3 /* Debug */ = {
			isa = XCBuildConfiguration;
			buildSettings = {
				ALWAYS_SEARCH_USER_PATHS = NO;
				CLANG_ANALYZER_NONNULL = YES;
				CLANG_ANALYZER_NUMBER_OBJECT_CONVERSION = YES_AGGRESSIVE;
				CLANG_CXX_LANGUAGE_STANDARD = "gnu++14";
				CLANG_CXX_LIBRARY = "libc++";
				CLANG_ENABLE_MODULES = YES;
				CLANG_ENABLE_OBJC_ARC = YES;
				CLANG_ENABLE_OBJC_WEAK = YES;
				CLANG_WARN_BLOCK_CAPTURE_AUTORELEASING = YES;
				CLANG_WARN_BOOL_CONVERSION = YES;
				CLANG_WARN_COMMA = YES;
				CLANG_WARN_CONSTANT_CONVERSION = YES;
				CLANG_WARN_DEPRECATED_OBJC_IMPLEMENTATIONS = YES;
				CLANG_WARN_DIRECT_OBJC_ISA_USAGE = YES_ERROR;
				CLANG_WARN_DOCUMENTATION_COMMENTS = YES;
				CLANG_WARN_EMPTY_BODY = YES;
				CLANG_WARN_ENUM_CONVERSION = YES;
				CLANG_WARN_INFINITE_RECURSION = YES;
				CLANG_WARN_INT_CONVERSION = YES;
				CLANG_WARN_NON_LITERAL_NULL_CONVERSION = YES;
				CLANG_WARN_OBJC_IMPLICIT_RETAIN_SELF = YES;
				CLANG_WARN_OBJC_LITERAL_CONVERSION = YES;
				CLANG_WARN_OBJC_ROOT_CLASS = YES_ERROR;
				CLANG_WARN_RANGE_LOOP_ANALYSIS = YES;
				CLANG_WARN_STRICT_PROTOTYPES = YES;
				CLANG_WARN_SUSPICIOUS_MOVE = YES;
				CLANG_WARN_UNGUARDED_AVAILABILITY = YES_AGGRESSIVE;
				CLANG_WARN_UNREACHABLE_CODE = YES;
				CLANG_WARN__DUPLICATE_METHOD_MATCH = YES;
				CODE_SIGN_IDENTITY = "iPhone Developer";
				COPY_PHASE_STRIP = NO;
				DEBUG_INFORMATION_FORMAT = dwarf;
				ENABLE_STRICT_OBJC_MSGSEND = YES;
				ENABLE_TESTABILITY = YES;
				GCC_C_LANGUAGE_STANDARD = gnu11;
				GCC_DYNAMIC_NO_PIC = NO;
				GCC_NO_COMMON_BLOCKS = YES;
				GCC_OPTIMIZATION_LEVEL = 0;
				GCC_PREPROCESSOR_DEFINITIONS = (
					"DEBUG=1",
					"$(inherited)",
				);
				GCC_WARN_64_TO_32_BIT_CONVERSION = YES;
				GCC_WARN_ABOUT_RETURN_TYPE = YES_ERROR;
				GCC_WARN_UNDECLARED_SELECTOR = YES;
				GCC_WARN_UNINITIALIZED_AUTOS = YES_AGGRESSIVE;
				GCC_WARN_UNUSED_FUNCTION = YES;
				GCC_WARN_UNUSED_VARIABLE = YES;
				IPHONEOS_DEPLOYMENT_TARGET = 12.1;
				MTL_ENABLE_DEBUG_INFO = INCLUDE_SOURCE;
				MTL_FAST_MATH = YES;
				ONLY_ACTIVE_ARCH = YES;
				SDKROOT = iphoneos;
				SWIFT_ACTIVE_COMPILATION_CONDITIONS = DEBUG;
				SWIFT_OPTIMIZATION_LEVEL = "-Onone";
			};
			name = Debug;
		};
		658A6825221A9C44008BD6A3 /* Release */ = {
			isa = XCBuildConfiguration;
			buildSettings = {
				ALWAYS_SEARCH_USER_PATHS = NO;
				CLANG_ANALYZER_NONNULL = YES;
				CLANG_ANALYZER_NUMBER_OBJECT_CONVERSION = YES_AGGRESSIVE;
				CLANG_CXX_LANGUAGE_STANDARD = "gnu++14";
				CLANG_CXX_LIBRARY = "libc++";
				CLANG_ENABLE_MODULES = YES;
				CLANG_ENABLE_OBJC_ARC = YES;
				CLANG_ENABLE_OBJC_WEAK = YES;
				CLANG_WARN_BLOCK_CAPTURE_AUTORELEASING = YES;
				CLANG_WARN_BOOL_CONVERSION = YES;
				CLANG_WARN_COMMA = YES;
				CLANG_WARN_CONSTANT_CONVERSION = YES;
				CLANG_WARN_DEPRECATED_OBJC_IMPLEMENTATIONS = YES;
				CLANG_WARN_DIRECT_OBJC_ISA_USAGE = YES_ERROR;
				CLANG_WARN_DOCUMENTATION_COMMENTS = YES;
				CLANG_WARN_EMPTY_BODY = YES;
				CLANG_WARN_ENUM_CONVERSION = YES;
				CLANG_WARN_INFINITE_RECURSION = YES;
				CLANG_WARN_INT_CONVERSION = YES;
				CLANG_WARN_NON_LITERAL_NULL_CONVERSION = YES;
				CLANG_WARN_OBJC_IMPLICIT_RETAIN_SELF = YES;
				CLANG_WARN_OBJC_LITERAL_CONVERSION = YES;
				CLANG_WARN_OBJC_ROOT_CLASS = YES_ERROR;
				CLANG_WARN_RANGE_LOOP_ANALYSIS = YES;
				CLANG_WARN_STRICT_PROTOTYPES = YES;
				CLANG_WARN_SUSPICIOUS_MOVE = YES;
				CLANG_WARN_UNGUARDED_AVAILABILITY = YES_AGGRESSIVE;
				CLANG_WARN_UNREACHABLE_CODE = YES;
				CLANG_WARN__DUPLICATE_METHOD_MATCH = YES;
				CODE_SIGN_IDENTITY = "iPhone Developer";
				COPY_PHASE_STRIP = NO;
				DEBUG_INFORMATION_FORMAT = "dwarf-with-dsym";
				ENABLE_NS_ASSERTIONS = NO;
				ENABLE_STRICT_OBJC_MSGSEND = YES;
				GCC_C_LANGUAGE_STANDARD = gnu11;
				GCC_NO_COMMON_BLOCKS = YES;
				GCC_WARN_64_TO_32_BIT_CONVERSION = YES;
				GCC_WARN_ABOUT_RETURN_TYPE = YES_ERROR;
				GCC_WARN_UNDECLARED_SELECTOR = YES;
				GCC_WARN_UNINITIALIZED_AUTOS = YES_AGGRESSIVE;
				GCC_WARN_UNUSED_FUNCTION = YES;
				GCC_WARN_UNUSED_VARIABLE = YES;
				IPHONEOS_DEPLOYMENT_TARGET = 12.1;
				MTL_ENABLE_DEBUG_INFO = NO;
				MTL_FAST_MATH = YES;
				SDKROOT = iphoneos;
				SWIFT_COMPILATION_MODE = wholemodule;
				SWIFT_OPTIMIZATION_LEVEL = "-O";
				VALIDATE_PRODUCT = YES;
			};
			name = Release;
		};
		658A6827221A9C44008BD6A3 /* Debug */ = {
			isa = XCBuildConfiguration;
			baseConfigurationReference = 51E874FBA815BBB45A98DABC /* Pods-3LED.debug.xcconfig */;
			buildSettings = {
				ASSETCATALOG_COMPILER_APPICON_NAME = AppIcon;
				CODE_SIGN_STYLE = Automatic;
				DEVELOPMENT_TEAM = SP382Y6YUY;
				INFOPLIST_FILE = "$(SRCROOT)/3LED/Supporting Files/Info.plist";
				IPHONEOS_DEPLOYMENT_TARGET = 11.0;
				LD_RUNPATH_SEARCH_PATHS = (
					"$(inherited)",
					"@executable_path/Frameworks",
				);
				PRODUCT_BUNDLE_IDENTIFIER = com.protonome.threeLED;
				PRODUCT_NAME = "$(TARGET_NAME)";
				SWIFT_VERSION = 4.2;
				TARGETED_DEVICE_FAMILY = "1,2";
			};
			name = Debug;
		};
		658A6828221A9C44008BD6A3 /* Release */ = {
			isa = XCBuildConfiguration;
			baseConfigurationReference = CDD051955235B94248B5E18D /* Pods-3LED.release.xcconfig */;
			buildSettings = {
				ASSETCATALOG_COMPILER_APPICON_NAME = AppIcon;
				CODE_SIGN_STYLE = Automatic;
				DEVELOPMENT_TEAM = SP382Y6YUY;
				INFOPLIST_FILE = "$(SRCROOT)/3LED/Supporting Files/Info.plist";
				IPHONEOS_DEPLOYMENT_TARGET = 11.0;
				LD_RUNPATH_SEARCH_PATHS = (
					"$(inherited)",
					"@executable_path/Frameworks",
				);
				PRODUCT_BUNDLE_IDENTIFIER = com.protonome.threeLED;
				PRODUCT_NAME = "$(TARGET_NAME)";
				SWIFT_VERSION = 4.2;
				TARGETED_DEVICE_FAMILY = "1,2";
			};
			name = Release;
		};
/* End XCBuildConfiguration section */

/* Begin XCConfigurationList section */
		658A680F221A9C3F008BD6A3 /* Build configuration list for PBXProject "3LED" */ = {
			isa = XCConfigurationList;
			buildConfigurations = (
				658A6824221A9C44008BD6A3 /* Debug */,
				658A6825221A9C44008BD6A3 /* Release */,
			);
			defaultConfigurationIsVisible = 0;
			defaultConfigurationName = Release;
		};
		658A6826221A9C44008BD6A3 /* Build configuration list for PBXNativeTarget "3LED" */ = {
			isa = XCConfigurationList;
			buildConfigurations = (
				658A6827221A9C44008BD6A3 /* Debug */,
				658A6828221A9C44008BD6A3 /* Release */,
			);
			defaultConfigurationIsVisible = 0;
			defaultConfigurationName = Release;
		};
/* End XCConfigurationList section */
	};
	rootObject = 658A680C221A9C3F008BD6A3 /* Project object */;
}
